
Microsoft Visual Studio Solution File, Format Version 12.00
# Visual Studio 15
VisualStudioVersion = 15.0.28307.757
MinimumVisualStudioVersion = 10.0.40219.1
Project("{9A19103F-16F7-4668-BE54-9A1E7A4F7556}") = "Visitor", "Visitor\Visitor.csproj", "{7D83B5F6-601F-49AB-BD14-02E530094B5C}"
EndProject
Project("{9A19103F-16F7-4668-BE54-9A1E7A4F7556}") = "VisitorExample", "VisitorExample\VisitorExample.csproj", "{B26551B0-988A-496F-AE1E-1303B82521FD}"
EndProject
Global
	GlobalSection(SolutionConfigurationPlatforms) = preSolution
		Debug|Any CPU = Debug|Any CPU
		Release|Any CPU = Release|Any CPU
	EndGlobalSection
	GlobalSection(ProjectConfigurationPlatforms) = postSolution
		{7D83B5F6-601F-49AB-BD14-02E530094B5C}.Debug|Any CPU.ActiveCfg = Debug|Any CPU
		{7D83B5F6-601F-49AB-BD14-02E530094B5C}.Debug|Any CPU.Build.0 = Debug|Any CPU
		{7D83B5F6-601F-49AB-BD14-02E530094B5C}.Release|Any CPU.ActiveCfg = Release|Any CPU
		{7D83B5F6-601F-49AB-BD14-02E530094B5C}.Release|Any CPU.Build.0 = Release|Any CPU
		{B26551B0-988A-496F-AE1E-1303B82521FD}.Debug|Any CPU.ActiveCfg = Debug|Any CPU
		{B26551B0-988A-496F-AE1E-1303B82521FD}.Debug|Any CPU.Build.0 = Debug|Any CPU
		{B26551B0-988A-496F-AE1E-1303B82521FD}.Release|Any CPU.ActiveCfg = Release|Any CPU
		{B26551B0-988A-496F-AE1E-1303B82521FD}.Release|Any CPU.Build.0 = Release|Any CPU
	EndGlobalSection
	GlobalSection(SolutionProperties) = preSolution
		HideSolutionNode = FALSE
	EndGlobalSection
	GlobalSection(ExtensibilityGlobals) = postSolution
		SolutionGuid = {451D3E3E-E629-42EE-B563-E9D4004B8EB3}
	EndGlobalSection
EndGlobal
